
Microsoft Visual Studio Solution File, Format Version 12.00
# Visual Studio Version 17
VisualStudioVersion = 17.3.32819.101
MinimumVisualStudioVersion = 10.0.40219.1
Project("{9A19103F-16F7-4668-BE54-9A1E7A4F7556}") = "BankApplication", "BankApplication.csproj", "{C8305476-DA5E-49DD-B741-55A227DE798B}"
EndProject
Global
	GlobalSection(SolutionConfigurationPlatforms) = preSolution
		Debug|Any CPU = Debug|Any CPU
		Release|Any CPU = Release|Any CPU
	EndGlobalSection
	GlobalSection(ProjectConfigurationPlatforms) = postSolution
		{C8305476-DA5E-49DD-B741-55A227DE798B}.Debug|Any CPU.ActiveCfg = Debug|Any CPU
		{C8305476-DA5E-49DD-B741-55A227DE798B}.Debug|Any CPU.Build.0 = Debug|Any CPU
		{C8305476-DA5E-49DD-B741-55A227DE798B}.Release|Any CPU.ActiveCfg = Release|Any CPU
		{C8305476-DA5E-49DD-B741-55A227DE798B}.Release|Any CPU.Build.0 = Release|Any CPU
	EndGlobalSection
	GlobalSection(SolutionProperties) = preSolution
		HideSolutionNode = FALSE
	EndGlobalSection
	GlobalSection(ExtensibilityGlobals) = postSolution
		SolutionGuid = {0FDD5602-BE76-413F-BD92-5CDF79A7DEA4}
	EndGlobalSection
EndGlobal
